
Microsoft Visual Studio Solution File, Format Version 12.00
# Visual Studio Version 17
VisualStudioVersion = 17.0.31912.275
MinimumVisualStudioVersion = 10.0.40219.1
Project("{FAE04EC0-301F-11D3-BF4B-00C04F79EFBC}") = "TaxCalculator.API", "TaxCalculator.API\TaxCalculator.API.csproj", "{9AA94E01-F479-4830-B258-E249739A9120}"
EndProject
Project("{FAE04EC0-301F-11D3-BF4B-00C04F79EFBC}") = "TaxCalculator.Services", "TaxCalculator.Services\TaxCalculator.Services.csproj", "{D23004F3-C953-40C7-9625-F28B36D35699}"
EndProject
Project("{FAE04EC0-301F-11D3-BF4B-00C04F79EFBC}") = "TaxCalculator.Tests", "TaxCalculator.Tests\TaxCalculator.Tests.csproj", "{377AB068-CAE7-4F8E-BCBF-69EAB82B3968}"
EndProject
Global
	GlobalSection(SolutionConfigurationPlatforms) = preSolution
		Debug|Any CPU = Debug|Any CPU
		Release|Any CPU = Release|Any CPU
	EndGlobalSection
	GlobalSection(ProjectConfigurationPlatforms) = postSolution
		{9AA94E01-F479-4830-B258-E249739A9120}.Debug|Any CPU.ActiveCfg = Debug|Any CPU
		{9AA94E01-F479-4830-B258-E249739A9120}.Debug|Any CPU.Build.0 = Debug|Any CPU
		{9AA94E01-F479-4830-B258-E249739A9120}.Release|Any CPU.ActiveCfg = Release|Any CPU
		{9AA94E01-F479-4830-B258-E249739A9120}.Release|Any CPU.Build.0 = Release|Any CPU
		{D23004F3-C953-40C7-9625-F28B36D35699}.Debug|Any CPU.ActiveCfg = Debug|Any CPU
		{D23004F3-C953-40C7-9625-F28B36D35699}.Debug|Any CPU.Build.0 = Debug|Any CPU
		{D23004F3-C953-40C7-9625-F28B36D35699}.Release|Any CPU.ActiveCfg = Release|Any CPU
		{D23004F3-C953-40C7-9625-F28B36D35699}.Release|Any CPU.Build.0 = Release|Any CPU
		{377AB068-CAE7-4F8E-BCBF-69EAB82B3968}.Debug|Any CPU.ActiveCfg = Debug|Any CPU
		{377AB068-CAE7-4F8E-BCBF-69EAB82B3968}.Debug|Any CPU.Build.0 = Debug|Any CPU
		{377AB068-CAE7-4F8E-BCBF-69EAB82B3968}.Release|Any CPU.ActiveCfg = Release|Any CPU
		{377AB068-CAE7-4F8E-BCBF-69EAB82B3968}.Release|Any CPU.Build.0 = Release|Any CPU
	EndGlobalSection
	GlobalSection(SolutionProperties) = preSolution
		HideSolutionNode = FALSE
	EndGlobalSection
	GlobalSection(ExtensibilityGlobals) = postSolution
		SolutionGuid = {865089C4-391D-4517-8DF4-28AB001A3247}
	EndGlobalSection
EndGlobal
